
Microsoft Visual Studio Solution File, Format Version 12.00
# Visual Studio Version 17
VisualStudioVersion = 17.9.34701.34
MinimumVisualStudioVersion = 10.0.40219.1
Project("{FAE04EC0-301F-11D3-BF4B-00C04F79EFBC}") = "COMP003B.2024SP.LectureActivity7", "COMP003B.2024SP.LectureActivity7\COMP003B.2024SP.LectureActivity7.csproj", "{8F6587B2-DCC5-4A80-B858-714744A0A40B}"
EndProject
Global
	GlobalSection(SolutionConfigurationPlatforms) = preSolution
		Debug|Any CPU = Debug|Any CPU
		Release|Any CPU = Release|Any CPU
	EndGlobalSection
	GlobalSection(ProjectConfigurationPlatforms) = postSolution
		{8F6587B2-DCC5-4A80-B858-714744A0A40B}.Debug|Any CPU.ActiveCfg = Debug|Any CPU
		{8F6587B2-DCC5-4A80-B858-714744A0A40B}.Debug|Any CPU.Build.0 = Debug|Any CPU
		{8F6587B2-DCC5-4A80-B858-714744A0A40B}.Release|Any CPU.ActiveCfg = Release|Any CPU
		{8F6587B2-DCC5-4A80-B858-714744A0A40B}.Release|Any CPU.Build.0 = Release|Any CPU
	EndGlobalSection
	GlobalSection(SolutionProperties) = preSolution
		HideSolutionNode = FALSE
	EndGlobalSection
	GlobalSection(ExtensibilityGlobals) = postSolution
		SolutionGuid = {D2F69859-07FC-497A-BFC6-29685A58F3BC}
	EndGlobalSection
EndGlobal
